// !$*UTF8*$!
{
	archiveVersion = 1;
	classes = {
	};
	objectVersion = 46;
	objects = {

/* Begin PBXBuildFile section */
		84E074311E4C4853007A439E /* main.m in Sources */ = {isa = PBXBuildFile; fileRef = 84E074301E4C4853007A439E /* main.m */; };
		84E074341E4C4853007A439E /* AppDelegate.m in Sources */ = {isa = PBXBuildFile; fileRef = 84E074331E4C4853007A439E /* AppDelegate.m */; };
		84E074371E4C4853007A439E /* ViewController.m in Sources */ = {isa = PBXBuildFile; fileRef = 84E074361E4C4853007A439E /* ViewController.m */; };
		84E0743A1E4C4853007A439E /* Main.storyboard in Resources */ = {isa = PBXBuildFile; fileRef = 84E074381E4C4853007A439E /* Main.storyboard */; };
		84E0743C1E4C4853007A439E /* Assets.xcassets in Resources */ = {isa = PBXBuildFile; fileRef = 84E0743B1E4C4853007A439E /* Assets.xcassets */; };
		84E0743F1E4C4853007A439E /* LaunchScreen.storyboard in Resources */ = {isa = PBXBuildFile; fileRef = 84E0743D1E4C4853007A439E /* LaunchScreen.storyboard */; };
		84E074531E4C4A31007A439E /* btn_add_photo_n.png in Resources */ = {isa = PBXBuildFile; fileRef = 84E0744C1E4C4A31007A439E /* btn_add_photo_n.png */; };
		84E074541E4C4A31007A439E /* btn_add_photo_n@2x.png in Resources */ = {isa = PBXBuildFile; fileRef = 84E0744D1E4C4A31007A439E /* btn_add_photo_n@2x.png */; };
		84E074551E4C4A31007A439E /* btn_add_photo_s.png in Resources */ = {isa = PBXBuildFile; fileRef = 84E0744E1E4C4A31007A439E /* btn_add_photo_s.png */; };
		84E074561E4C4A31007A439E /* btn_add_photo_s@2x.png in Resources */ = {isa = PBXBuildFile; fileRef = 84E0744F1E4C4A31007A439E /* btn_add_photo_s@2x.png */; };
		84E074571E4C4A31007A439E /* button_icon_close.png in Resources */ = {isa = PBXBuildFile; fileRef = 84E074501E4C4A31007A439E /* button_icon_close.png */; };
		84E074581E4C4A31007A439E /* button_icon_close@2x.png in Resources */ = {isa = PBXBuildFile; fileRef = 84E074511E4C4A31007A439E /* button_icon_close@2x.png */; };
		84E074591E4C4A31007A439E /* checkmark.png in Resources */ = {isa = PBXBuildFile; fileRef = 84E074521E4C4A31007A439E /* checkmark.png */; };
		84E0745C1E4C4AA5007A439E /* KHPhotoView.m in Sources */ = {isa = PBXBuildFile; fileRef = 84E0745B1E4C4AA5007A439E /* KHPhotoView.m */; };
		84E0745F1E4C4C9D007A439E /* UIView+ViewController.m in Sources */ = {isa = PBXBuildFile; fileRef = 84E0745E1E4C4C9D007A439E /* UIView+ViewController.m */; };
/* End PBXBuildFile section */

/* Begin PBXFileReference section */
		84E0742C1E4C4853007A439E /* KHPhotoView.app */ = {isa = PBXFileReference; explicitFileType = wrapper.application; includeInIndex = 0; path = KHPhotoView.app; sourceTree = BUILT_PRODUCTS_DIR; };
		84E074301E4C4853007A439E /* main.m */ = {isa = PBXFileReference; lastKnownFileType = sourcecode.c.objc; path = main.m; sourceTree = "<group>"; };
		84E074321E4C4853007A439E /* AppDelegate.h */ = {isa = PBXFileReference; lastKnownFileType = sourcecode.c.h; path = AppDelegate.h; sourceTree = "<group>"; };
		84E074331E4C4853007A439E /* AppDelegate.m */ = {isa = PBXFileReference; lastKnownFileType = sourcecode.c.objc; path = AppDelegate.m; sourceTree = "<group>"; };
		84E074351E4C4853007A439E /* ViewController.h */ = {isa = PBXFileReference; lastKnownFileType = sourcecode.c.h; path = ViewController.h; sourceTree = "<group>"; };
		84E074361E4C4853007A439E /* ViewController.m */ = {isa = PBXFileReference; lastKnownFileType = sourcecode.c.objc; path = ViewController.m; sourceTree = "<group>"; };
		84E074391E4C4853007A439E /* Base */ = {isa = PBXFileReference; lastKnownFileType = file.storyboard; name = Base; path = Base.lproj/Main.storyboard; sourceTree = "<group>"; };
		84E0743B1E4C4853007A439E /* Assets.xcassets */ = {isa = PBXFileReference; lastKnownFileType = folder.assetcatalog; path = Assets.xcassets; sourceTree = "<group>"; };
		84E0743E1E4C4853007A439E /* Base */ = {isa = PBXFileReference; lastKnownFileType = file.storyboard; name = Base; path = Base.lproj/LaunchScreen.storyboard; sourceTree = "<group>"; };
		84E074401E4C4853007A439E /* Info.plist */ = {isa = PBXFileReference; lastKnownFileType = text.plist.xml; path = Info.plist; sourceTree = "<group>"; };
		84E0744C1E4C4A31007A439E /* btn_add_photo_n.png */ = {isa = PBXFileReference; lastKnownFileType = image.png; path = btn_add_photo_n.png; sourceTree = "<group>"; };
		84E0744D1E4C4A31007A439E /* btn_add_photo_n@2x.png */ = {isa = PBXFileReference; lastKnownFileType = image.png; path = "btn_add_photo_n@2x.png"; sourceTree = "<group>"; };
		84E0744E1E4C4A31007A439E /* btn_add_photo_s.png */ = {isa = PBXFileReference; lastKnownFileType = image.png; path = btn_add_photo_s.png; sourceTree = "<group>"; };
		84E0744F1E4C4A31007A439E /* btn_add_photo_s@2x.png */ = {isa = PBXFileReference; lastKnownFileType = image.png; path = "btn_add_photo_s@2x.png"; sourceTree = "<group>"; };
		84E074501E4C4A31007A439E /* button_icon_close.png */ = {isa = PBXFileReference; lastKnownFileType = image.png; path = button_icon_close.png; sourceTree = "<group>"; };
		84E074511E4C4A31007A439E /* button_icon_close@2x.png */ = {isa = PBXFileReference; lastKnownFileType = image.png; path = "button_icon_close@2x.png"; sourceTree = "<group>"; };
		84E074521E4C4A31007A439E /* checkmark.png */ = {isa = PBXFileReference; lastKnownFileType = image.png; path = checkmark.png; sourceTree = "<group>"; };
		84E0745A1E4C4AA5007A439E /* KHPhotoView.h */ = {isa = PBXFileReference; fileEncoding = 4; lastKnownFileType = sourcecode.c.h; path = KHPhotoView.h; sourceTree = "<group>"; };
		84E0745B1E4C4AA5007A439E /* KHPhotoView.m */ = {isa = PBXFileReference; fileEncoding = 4; lastKnownFileType = sourcecode.c.objc; path = KHPhotoView.m; sourceTree = "<group>"; };
		84E0745D1E4C4C9D007A439E /* UIView+ViewController.h */ = {isa = PBXFileReference; fileEncoding = 4; lastKnownFileType = sourcecode.c.h; path = "UIView+ViewController.h"; sourceTree = "<group>"; };
		84E0745E1E4C4C9D007A439E /* UIView+ViewController.m */ = {isa = PBXFileReference; fileEncoding = 4; lastKnownFileType = sourcecode.c.objc; path = "UIView+ViewController.m"; sourceTree = "<group>"; };
/* End PBXFileReference section */

/* Begin PBXFrameworksBuildPhase section */
		84E074291E4C4853007A439E /* Frameworks */ = {
			isa = PBXFrameworksBuildPhase;
			buildActionMask = 2147483647;
			files = (
			);
			runOnlyForDeploymentPostprocessing = 0;
		};
/* End PBXFrameworksBuildPhase section */

/* Begin PBXGroup section */
		84E074231E4C4853007A439E = {
			isa = PBXGroup;
			children = (
				84E0742E1E4C4853007A439E /* KHPhotoView */,
				84E0742D1E4C4853007A439E /* Products */,
			);
			sourceTree = "<group>";
		};
		84E0742D1E4C4853007A439E /* Products */ = {
			isa = PBXGroup;
			children = (
				84E0742C1E4C4853007A439E /* KHPhotoView.app */,
			);
			name = Products;
			sourceTree = "<group>";
		};
		84E0742E1E4C4853007A439E /* KHPhotoView */ = {
			isa = PBXGroup;
			children = (
				84E074461E4C4987007A439E /* classes */,
				84E074321E4C4853007A439E /* AppDelegate.h */,
				84E074331E4C4853007A439E /* AppDelegate.m */,
				84E074351E4C4853007A439E /* ViewController.h */,
				84E074361E4C4853007A439E /* ViewController.m */,
				84E074381E4C4853007A439E /* Main.storyboard */,
				84E0743B1E4C4853007A439E /* Assets.xcassets */,
				84E0743D1E4C4853007A439E /* LaunchScreen.storyboard */,
				84E074401E4C4853007A439E /* Info.plist */,
				84E0742F1E4C4853007A439E /* Supporting Files */,
			);
			path = KHPhotoView;
			sourceTree = "<group>";
		};
		84E0742F1E4C4853007A439E /* Supporting Files */ = {
			isa = PBXGroup;
			children = (
				84E074301E4C4853007A439E /* main.m */,
			);
			name = "Supporting Files";
			sourceTree = "<group>";
		};
		84E074461E4C4987007A439E /* classes */ = {
			isa = PBXGroup;
			children = (
				84E074481E4C4987007A439E /* photoView */,
				84E074471E4C4987007A439E /* images */,
			);
			path = classes;
			sourceTree = "<group>";
		};
		84E074471E4C4987007A439E /* images */ = {
			isa = PBXGroup;
			children = (
				84E0744C1E4C4A31007A439E /* btn_add_photo_n.png */,
				84E0744D1E4C4A31007A439E /* btn_add_photo_n@2x.png */,
				84E0744E1E4C4A31007A439E /* btn_add_photo_s.png */,
				84E0744F1E4C4A31007A439E /* btn_add_photo_s@2x.png */,
				84E074501E4C4A31007A439E /* button_icon_close.png */,
				84E074511E4C4A31007A439E /* button_icon_close@2x.png */,
				84E074521E4C4A31007A439E /* checkmark.png */,
			);
			path = images;
			sourceTree = "<group>";
		};
		84E074481E4C4987007A439E /* photoView */ = {
			isa = PBXGroup;
			children = (
				84E074491E4C4987007A439E /* Controller */,
				84E0744A1E4C4987007A439E /* Model */,
				84E0744B1E4C4987007A439E /* View */,
			);
			path = photoView;
			sourceTree = "<group>";
		};
		84E074491E4C4987007A439E /* Controller */ = {
			isa = PBXGroup;
			children = (
			);
			path = Controller;
			sourceTree = "<group>";
		};
		84E0744A1E4C4987007A439E /* Model */ = {
			isa = PBXGroup;
			children = (
				84E0745D1E4C4C9D007A439E /* UIView+ViewController.h */,
				84E0745E1E4C4C9D007A439E /* UIView+ViewController.m */,
			);
			path = Model;
			sourceTree = "<group>";
		};
		84E0744B1E4C4987007A439E /* View */ = {
			isa = PBXGroup;
			children = (
				84E0745A1E4C4AA5007A439E /* KHPhotoView.h */,
				84E0745B1E4C4AA5007A439E /* KHPhotoView.m */,
			);
			path = View;
			sourceTree = "<group>";
		};
/* End PBXGroup section */

/* Begin PBXNativeTarget section */
		84E0742B1E4C4853007A439E /* KHPhotoView */ = {
			isa = PBXNativeTarget;
			buildConfigurationList = 84E074431E4C4853007A439E /* Build configuration list for PBXNativeTarget "KHPhotoView" */;
			buildPhases = (
				84E074281E4C4853007A439E /* Sources */,
				84E074291E4C4853007A439E /* Frameworks */,
				84E0742A1E4C4853007A439E /* Resources */,
			);
			buildRules = (
			);
			dependencies = (
			);
			name = KHPhotoView;
			productName = KHPhotoView;
			productReference = 84E0742C1E4C4853007A439E /* KHPhotoView.app */;
			productType = "com.apple.product-type.application";
		};
/* End PBXNativeTarget section */

/* Begin PBXProject section */
		84E074241E4C4853007A439E /* Project object */ = {
			isa = PBXProject;
			attributes = {
				LastUpgradeCheck = 0810;
				ORGANIZATIONNAME = KH;
				TargetAttributes = {
					84E0742B1E4C4853007A439E = {
						CreatedOnToolsVersion = 8.1;
						ProvisioningStyle = Automatic;
					};
				};
			};
			buildConfigurationList = 84E074271E4C4853007A439E /* Build configuration list for PBXProject "KHPhotoView" */;
			compatibilityVersion = "Xcode 3.2";
			developmentRegion = English;
			hasScannedForEncodings = 0;
			knownRegions = (
				en,
				Base,
			);
			mainGroup = 84E074231E4C4853007A439E;
			productRefGroup = 84E0742D1E4C4853007A439E /* Products */;
			projectDirPath = "";
			projectRoot = "";
			targets = (
				84E0742B1E4C4853007A439E /* KHPhotoView */,
			);
		};
/* End PBXProject section */

/* Begin PBXResourcesBuildPhase section */
		84E0742A1E4C4853007A439E /* Resources */ = {
			isa = PBXResourcesBuildPhase;
			buildActionMask = 2147483647;
			files = (
				84E074531E4C4A31007A439E /* btn_add_photo_n.png in Resources */,
				84E074591E4C4A31007A439E /* checkmark.png in Resources */,
				84E074571E4C4A31007A439E /* button_icon_close.png in Resources */,
				84E074541E4C4A31007A439E /* btn_add_photo_n@2x.png in Resources */,
				84E0743F1E4C4853007A439E /* LaunchScreen.storyboard in Resources */,
				84E074581E4C4A31007A439E /* button_icon_close@2x.png in Resources */,
				84E074551E4C4A31007A439E /* btn_add_photo_s.png in Resources */,
				84E074561E4C4A31007A439E /* btn_add_photo_s@2x.png in Resources */,
				84E0743C1E4C4853007A439E /* Assets.xcassets in Resources */,
				84E0743A1E4C4853007A439E /* Main.storyboard in Resources */,
			);
			runOnlyForDeploymentPostprocessing = 0;
		};
/* End PBXResourcesBuildPhase section */

/* Begin PBXSourcesBuildPhase section */
		84E074281E4C4853007A439E /* Sources */ = {
			isa = PBXSourcesBuildPhase;
			buildActionMask = 2147483647;
			files = (
				84E0745C1E4C4AA5007A439E /* KHPhotoView.m in Sources */,
				84E074371E4C4853007A439E /* ViewController.m in Sources */,
				84E074341E4C4853007A439E /* AppDelegate.m in Sources */,
				84E0745F1E4C4C9D007A439E /* UIView+ViewController.m in Sources */,
				84E074311E4C4853007A439E /* main.m in Sources */,
			);
			runOnlyForDeploymentPostprocessing = 0;
		};
/* End PBXSourcesBuildPhase section */

/* Begin PBXVariantGroup section */
		84E074381E4C4853007A439E /* Main.storyboard */ = {
			isa = PBXVariantGroup;
			children = (
				84E074391E4C4853007A439E /* Base */,
			);
			name = Main.storyboard;
			sourceTree = "<group>";
		};
		84E0743D1E4C4853007A439E /* LaunchScreen.storyboard */ = {
			isa = PBXVariantGroup;
			children = (
				84E0743E1E4C4853007A439E /* Base */,
			);
			name = LaunchScreen.storyboard;
			sourceTree = "<group>";
		};
/* End PBXVariantGroup section */

/* Begin XCBuildConfiguration section */
		84E074411E4C4853007A439E /* Debug */ = {
			isa = XCBuildConfiguration;
			buildSettings = {
				ALWAYS_SEARCH_USER_PATHS = NO;
				CLANG_ANALYZER_NONNULL = YES;
				CLANG_CXX_LANGUAGE_STANDARD = "gnu++0x";
				CLANG_CXX_LIBRARY = "libc++";
				CLANG_ENABLE_MODULES = YES;
				CLANG_ENABLE_OBJC_ARC = YES;
				CLANG_WARN_BOOL_CONVERSION = YES;
				CLANG_WARN_CONSTANT_CONVERSION = YES;
				CLANG_WARN_DIRECT_OBJC_ISA_USAGE = YES_ERROR;
				CLANG_WARN_DOCUMENTATION_COMMENTS = YES;
				CLANG_WARN_EMPTY_BODY = YES;
				CLANG_WARN_ENUM_CONVERSION = YES;
				CLANG_WARN_INFINITE_RECURSION = YES;
				CLANG_WARN_INT_CONVERSION = YES;
				CLANG_WARN_OBJC_ROOT_CLASS = YES_ERROR;
				CLANG_WARN_SUSPICIOUS_MOVES = YES;
				CLANG_WARN_UNREACHABLE_CODE = YES;
				CLANG_WARN__DUPLICATE_METHOD_MATCH = YES;
				"CODE_SIGN_IDENTITY[sdk=iphoneos*]" = "iPhone Developer";
				COPY_PHASE_STRIP = NO;
				DEBUG_INFORMATION_FORMAT = dwarf;
				ENABLE_STRICT_OBJC_MSGSEND = YES;
				ENABLE_TESTABILITY = YES;
				GCC_C_LANGUAGE_STANDARD = gnu99;
				GCC_DYNAMIC_NO_PIC = NO;
				GCC_NO_COMMON_BLOCKS = YES;
				GCC_OPTIMIZATION_LEVEL = 0;
				GCC_PREPROCESSOR_DEFINITIONS = (
					"DEBUG=1",
					"$(inherited)",
				);
				GCC_WARN_64_TO_32_BIT_CONVERSION = YES;
				GCC_WARN_ABOUT_RETURN_TYPE = YES_ERROR;
				GCC_WARN_UNDECLARED_SELECTOR = YES;
				GCC_WARN_UNINITIALIZED_AUTOS = YES_AGGRESSIVE;
				GCC_WARN_UNUSED_FUNCTION = YES;
				GCC_WARN_UNUSED_VARIABLE = YES;
				IPHONEOS_DEPLOYMENT_TARGET = 10.1;
				MTL_ENABLE_DEBUG_INFO = YES;
				ONLY_ACTIVE_ARCH = YES;
				SDKROOT = iphoneos;
				TARGETED_DEVICE_FAMILY = "1,2";
			};
			name = Debug;
		};
		84E074421E4C4853007A439E /* Release */ = {
			isa = XCBuildConfiguration;
			buildSettings = {
				ALWAYS_SEARCH_USER_PATHS = NO;
				CLANG_ANALYZER_NONNULL = YES;
				CLANG_CXX_LANGUAGE_STANDARD = "gnu++0x";
				CLANG_CXX_LIBRARY = "libc++";
				CLANG_ENABLE_MODULES = YES;
				CLANG_ENABLE_OBJC_ARC = YES;
				CLANG_WARN_BOOL_CONVERSION = YES;
				CLANG_WARN_CONSTANT_CONVERSION = YES;
				CLANG_WARN_DIRECT_OBJC_ISA_USAGE = YES_ERROR;
				CLANG_WARN_DOCUMENTATION_COMMENTS = YES;
				CLANG_WARN_EMPTY_BODY = YES;
				CLANG_WARN_ENUM_CONVERSION = YES;
				CLANG_WARN_INFINITE_RECURSION = YES;
				CLANG_WARN_INT_CONVERSION = YES;
				CLANG_WARN_OBJC_ROOT_CLASS = YES_ERROR;
				CLANG_WARN_SUSPICIOUS_MOVES = YES;
				CLANG_WARN_UNREACHABLE_CODE = YES;
				CLANG_WARN__DUPLICATE_METHOD_MATCH = YES;
				"CODE_SIGN_IDENTITY[sdk=iphoneos*]" = "iPhone Developer";
				COPY_PHASE_STRIP = NO;
				DEBUG_INFORMATION_FORMAT = "dwarf-with-dsym";
				ENABLE_NS_ASSERTIONS = NO;
				ENABLE_STRICT_OBJC_MSGSEND = YES;
				GCC_C_LANGUAGE_STANDARD = gnu99;
				GCC_NO_COMMON_BLOCKS = YES;
				GCC_WARN_64_TO_32_BIT_CONVERSION = YES;
				GCC_WARN_ABOUT_RETURN_TYPE = YES_ERROR;
				GCC_WARN_UNDECLARED_SELECTOR = YES;
				GCC_WARN_UNINITIALIZED_AUTOS = YES_AGGRESSIVE;
				GCC_WARN_UNUSED_FUNCTION = YES;
				GCC_WARN_UNUSED_VARIABLE = YES;
				IPHONEOS_DEPLOYMENT_TARGET = 10.1;
				MTL_ENABLE_DEBUG_INFO = NO;
				SDKROOT = iphoneos;
				TARGETED_DEVICE_FAMILY = "1,2";
				VALIDATE_PRODUCT = YES;
			};
			name = Release;
		};
		84E074441E4C4853007A439E /* Debug */ = {
			isa = XCBuildConfiguration;
			buildSettings = {
				ASSETCATALOG_COMPILER_APPICON_NAME = AppIcon;
				INFOPLIST_FILE = KHPhotoView/Info.plist;
				LD_RUNPATH_SEARCH_PATHS = "$(inherited) @executable_path/Frameworks";
				PRODUCT_BUNDLE_IDENTIFIER = cn.TsingTao.KHPhotoView;
				PRODUCT_NAME = "$(TARGET_NAME)";
			};
			name = Debug;
		};
		84E074451E4C4853007A439E /* Release */ = {
			isa = XCBuildConfiguration;
			buildSettings = {
				ASSETCATALOG_COMPILER_APPICON_NAME = AppIcon;
				INFOPLIST_FILE = KHPhotoView/Info.plist;
				LD_RUNPATH_SEARCH_PATHS = "$(inherited) @executable_path/Frameworks";
				PRODUCT_BUNDLE_IDENTIFIER = cn.TsingTao.KHPhotoView;
				PRODUCT_NAME = "$(TARGET_NAME)";
			};
			name = Release;
		};
/* End XCBuildConfiguration section */

/* Begin XCConfigurationList section */
		84E074271E4C4853007A439E /* Build configuration list for PBXProject "KHPhotoView" */ = {
			isa = XCConfigurationList;
			buildConfigurations = (
				84E074411E4C4853007A439E /* Debug */,
				84E074421E4C4853007A439E /* Release */,
			);
			defaultConfigurationIsVisible = 0;
			defaultConfigurationName = Release;
		};
		84E074431E4C4853007A439E /* Build configuration list for PBXNativeTarget "KHPhotoView" */ = {
			isa = XCConfigurationList;
			buildConfigurations = (
				84E074441E4C4853007A439E /* Debug */,
				84E074451E4C4853007A439E /* Release */,
			);
			defaultConfigurationIsVisible = 0;
		};
/* End XCConfigurationList section */
	};
	rootObject = 84E074241E4C4853007A439E /* Project object */;
}
